{
  "version": 4,
  "terraform_version": "1.3.7",
  "serial": 411,
  "lineage": "ef1aa3a7-2697-b15c-3f8a-81c88e22400f",
  "outputs": {
    "dns_subnet_id": {
      "value": "subnet-0eada0f8223b5832a",
      "type": "string"
    },
    "dns_vpc_id": {
      "value": "vpc-0f6e62918fdc0475a",
      "type": "string"
    }
  },
  "resources": [
    {
      "mode": "data",
      "type": "template_file",
      "name": "ansible_master",
      "provider": "provider[\"registry.terraform.io/hashicorp/template\"]",
      "instances": [
        {
          "schema_version": 0,
          "attributes": {
            "filename": null,
            "id": "eb5d12d19c98cde312b27617f8cac1ef443047d1e41e36a3ef0945e025b68297",
            "rendered": "#cloud-config\r\n#https://cloudinit.readthedocs.io/en/latest/reference/examples.html#configure-instance-to-be-an-ansible-controller\r\n\r\npackage_update: true\r\npackage_upgrade: true\r\npackages:\r\n  - git\r\n  - python3-pip\r\n\r\n#create ansible user, \"wheel\" group to allow use sudo ??\r\nusers:\r\n- name: ansible\r\n  gecos: Ansible User\r\n  shell: /bin/bash\r\n  groups: users,admin,wheel,lxd\r\n  sudo: ALL=(ALL) NOPASSWD:ALL\r\n\r\n- name: ubuntu\r\n  gecos: default\r\n  shell: /bin/bash\r\n  groups: users,admin,wheel,lxd\r\n  # sudo: ALL=(ALL) NOPASSWD:ALL\r\n\r\n#install ansible and add-ons\r\nruncmd: \r\n  - [ python3, -m, pip, install, ansible]\r\n\r\n",
            "template": "#cloud-config\r\n#https://cloudinit.readthedocs.io/en/latest/reference/examples.html#configure-instance-to-be-an-ansible-controller\r\n\r\npackage_update: true\r\npackage_upgrade: true\r\npackages:\r\n  - git\r\n  - python3-pip\r\n\r\n#create ansible user, \"wheel\" group to allow use sudo ??\r\nusers:\r\n- name: ansible\r\n  gecos: Ansible User\r\n  shell: /bin/bash\r\n  groups: users,admin,wheel,lxd\r\n  sudo: ALL=(ALL) NOPASSWD:ALL\r\n\r\n- name: ubuntu\r\n  gecos: default\r\n  shell: /bin/bash\r\n  groups: users,admin,wheel,lxd\r\n  # sudo: ALL=(ALL) NOPASSWD:ALL\r\n\r\n#install ansible and add-ons\r\nruncmd: \r\n  - [ python3, -m, pip, install, ansible]\r\n\r\n",
            "vars": null
          },
          "sensitive_attributes": []
        }
      ]
    },
    {
      "module": "module.ansible",
      "mode": "managed",
      "type": "aws_instance",
      "name": "ec2",
      "provider": "provider[\"registry.terraform.io/hashicorp/aws\"]",
      "instances": [
        {
          "index_key": 0,
          "status": "tainted",
          "schema_version": 1,
          "attributes": {
            "ami": "ami-03e08697c325f02ab",
            "arn": "arn:aws:ec2:eu-central-1:582368561817:instance/i-0e8e73e1b83fc5b88",
            "associate_public_ip_address": true,
            "availability_zone": "eu-central-1b",
            "capacity_reservation_specification": [
              {
                "capacity_reservation_preference": "open",
                "capacity_reservation_target": []
              }
            ],
            "cpu_core_count": 1,
            "cpu_threads_per_core": 1,
            "credit_specification": [
              {
                "cpu_credits": "standard"
              }
            ],
            "disable_api_stop": false,
            "disable_api_termination": false,
            "ebs_block_device": [],
            "ebs_optimized": false,
            "enclave_options": [
              {
                "enabled": false
              }
            ],
            "ephemeral_block_device": [],
            "get_password_data": false,
            "hibernation": false,
            "host_id": "",
            "host_resource_group_arn": null,
            "iam_instance_profile": "",
            "id": "i-0e8e73e1b83fc5b88",
            "instance_initiated_shutdown_behavior": "stop",
            "instance_state": "running",
            "instance_type": "t2.micro",
            "ipv6_address_count": 0,
            "ipv6_addresses": [],
            "key_name": "ansible",
            "launch_template": [],
            "maintenance_options": [
              {
                "auto_recovery": "default"
              }
            ],
            "metadata_options": [
              {
                "http_endpoint": "enabled",
                "http_put_response_hop_limit": 1,
                "http_tokens": "optional",
                "instance_metadata_tags": "disabled"
              }
            ],
            "monitoring": false,
            "network_interface": [],
            "outpost_arn": "",
            "password_data": "",
            "placement_group": "",
            "placement_partition_number": 0,
            "primary_network_interface_id": "eni-098b3dea02ddcabc8",
            "private_dns": "ip-10-0-1-15.eu-central-1.compute.internal",
            "private_dns_name_options": [
              {
                "enable_resource_name_dns_a_record": true,
                "enable_resource_name_dns_aaaa_record": false,
                "hostname_type": "ip-name"
              }
            ],
            "private_ip": "10.0.1.15",
            "public_dns": "",
            "public_ip": "3.127.243.24",
            "root_block_device": [
              {
                "delete_on_termination": true,
                "device_name": "/dev/sda1",
                "encrypted": false,
                "iops": 100,
                "kms_key_id": "",
                "tags": {},
                "throughput": 0,
                "volume_id": "vol-0a11948545b7968c6",
                "volume_size": 8,
                "volume_type": "gp2"
              }
            ],
            "secondary_private_ips": [],
            "security_groups": [],
            "source_dest_check": true,
            "subnet_id": "subnet-0eada0f8223b5832a",
            "tags": {
              "Name": "ansible"
            },
            "tags_all": {
              "Name": "ansible"
            },
            "tenancy": "default",
            "timeouts": null,
            "user_data": null,
            "user_data_base64": null,
            "user_data_replace_on_change": false,
            "volume_tags": null,
            "vpc_security_group_ids": [
              "sg-0ac5b22429d288793",
              "sg-0d17a777afe4253e9"
            ]
          },
          "sensitive_attributes": [],
          "private": "eyJlMmJmYjczMC1lY2FhLTExZTYtOGY4OC0zNDM2M2JjN2M0YzAiOnsiY3JlYXRlIjo2MDAwMDAwMDAwMDAsImRlbGV0ZSI6MTIwMDAwMDAwMDAwMCwidXBkYXRlIjo2MDAwMDAwMDAwMDB9LCJzY2hlbWFfdmVyc2lvbiI6IjEifQ==",
          "dependencies": [
            "module.dns_net.aws_subnet.subnet",
            "module.icmp.aws_security_group.sec_group",
            "module.ssh_from_internet.aws_security_group.sec_group"
          ]
        }
      ]
    },
    {
      "module": "module.dns_key_pair",
      "mode": "managed",
      "type": "aws_key_pair",
      "name": "test_stack",
      "provider": "provider[\"registry.terraform.io/hashicorp/aws\"]",
      "instances": [
        {
          "schema_version": 1,
          "attributes": {
            "arn": "arn:aws:ec2:eu-central-1:582368561817:key-pair/dns_stack",
            "fingerprint": "c0:a5:2e:f7:93:3e:98:76:91:59:40:cd:00:ea:cb:48",
            "id": "dns_stack",
            "key_name": "dns_stack",
            "key_name_prefix": "",
            "key_pair_id": "key-0555c299aca97fa2d",
            "key_type": "rsa",
            "public_key": "ssh-rsa AAAAB3NzaC1yc2EAAAADAQABAAABgQDCTvw+ciZ6wNIyObKtMJXKo5X0tD2Hpi1niXEYMlmriRQGOme+qvt+3lYZiR4sW1hT6GQY/04IywwsAWgdKg8dERgRREL1HRLkyLbB78mboVCGo1FPs7kLXDZjAKQqPv01ZQtMk32EHXx2uWrRrUJ0WEthwXTRuwJvnvhLhiH+CyAwBz4y+KudcT5DLjhQcNtHR2cUqdz+7gCzN0E3AbWePLJi8S6KjN4m5eKeNyAvabGypy6fZiBVbZ4HKa/KWN7v9ZqEoXv8n3/4FqeomyPChqo2bf99qGbAWJZDs1YrKhcXlOpBlXSHnGXfwsYJcPGrSmz8ckGuVBe85A3sar9U2HJ1J9T+GQ0g6QEZDy3/iGJq8Hd/vIgxrHfBFirBS5wVwco6u0Ntsxa1X7U3C5TPOkcNxMRm5ciCNFb5G1jgMRbPqGJeERsbSm6zTkjSR2zqf/z2Wycjf+VR4OIRXUf1BVyVsjBmsq73fAS71huWFZhme8RQR4aZOUlHxDgp/uM= bohdan@PF2FXPPG",
            "tags": {},
            "tags_all": {}
          },
          "sensitive_attributes": [
            [
              {
                "type": "get_attr",
                "value": "public_key"
              }
            ]
          ],
          "private": "eyJzY2hlbWFfdmVyc2lvbiI6IjEifQ=="
        }
      ]
    },
    {
      "module": "module.dns_net",
      "mode": "managed",
      "type": "aws_internet_gateway",
      "name": "int_gateway",
      "provider": "provider[\"registry.terraform.io/hashicorp/aws\"]",
      "instances": [
        {
          "schema_version": 0,
          "attributes": {
            "arn": "arn:aws:ec2:eu-central-1:582368561817:internet-gateway/igw-0fa34095fba6ab82b",
            "id": "igw-0fa34095fba6ab82b",
            "owner_id": "582368561817",
            "tags": {
              "Name": "dns_gateway"
            },
            "tags_all": {
              "Name": "dns_gateway"
            },
            "timeouts": null,
            "vpc_id": "vpc-0f6e62918fdc0475a"
          },
          "sensitive_attributes": [],
          "private": "eyJlMmJmYjczMC1lY2FhLTExZTYtOGY4OC0zNDM2M2JjN2M0YzAiOnsiY3JlYXRlIjoxMjAwMDAwMDAwMDAwLCJkZWxldGUiOjEyMDAwMDAwMDAwMDAsInVwZGF0ZSI6MTIwMDAwMDAwMDAwMH19",
          "dependencies": [
            "module.dns_net.aws_vpc.vpc"
          ]
        }
      ]
    },
    {
      "module": "module.dns_net",
      "mode": "managed",
      "type": "aws_route",
      "name": "local",
      "provider": "provider[\"registry.terraform.io/hashicorp/aws\"]",
      "instances": [
        {
          "schema_version": 0,
          "attributes": {
            "carrier_gateway_id": "",
            "core_network_arn": "",
            "destination_cidr_block": "0.0.0.0/0",
            "destination_ipv6_cidr_block": "",
            "destination_prefix_list_id": "",
            "egress_only_gateway_id": "",
            "gateway_id": "igw-0fa34095fba6ab82b",
            "id": "r-rtb-08ec694c1e0c1540c1080289494",
            "instance_id": "",
            "instance_owner_id": "",
            "local_gateway_id": "",
            "nat_gateway_id": "",
            "network_interface_id": "",
            "origin": "CreateRoute",
            "route_table_id": "rtb-08ec694c1e0c1540c",
            "state": "active",
            "timeouts": null,
            "transit_gateway_id": "",
            "vpc_endpoint_id": "",
            "vpc_peering_connection_id": ""
          },
          "sensitive_attributes": [],
          "private": "eyJlMmJmYjczMC1lY2FhLTExZTYtOGY4OC0zNDM2M2JjN2M0YzAiOnsiY3JlYXRlIjozMDAwMDAwMDAwMDAsImRlbGV0ZSI6MzAwMDAwMDAwMDAwLCJ1cGRhdGUiOjEyMDAwMDAwMDAwMH19",
          "dependencies": [
            "module.dns_net.aws_internet_gateway.int_gateway",
            "module.dns_net.aws_vpc.vpc"
          ]
        }
      ]
    },
    {
      "module": "module.dns_net",
      "mode": "managed",
      "type": "aws_subnet",
      "name": "subnet",
      "provider": "provider[\"registry.terraform.io/hashicorp/aws\"]",
      "instances": [
        {
          "schema_version": 1,
          "attributes": {
            "arn": "arn:aws:ec2:eu-central-1:582368561817:subnet/subnet-0eada0f8223b5832a",
            "assign_ipv6_address_on_creation": false,
            "availability_zone": "eu-central-1b",
            "availability_zone_id": "euc1-az3",
            "cidr_block": "10.0.1.0/24",
            "customer_owned_ipv4_pool": "",
            "enable_dns64": false,
            "enable_resource_name_dns_a_record_on_launch": false,
            "enable_resource_name_dns_aaaa_record_on_launch": false,
            "id": "subnet-0eada0f8223b5832a",
            "ipv6_cidr_block": "",
            "ipv6_cidr_block_association_id": "",
            "ipv6_native": false,
            "map_customer_owned_ip_on_launch": false,
            "map_public_ip_on_launch": false,
            "outpost_arn": "",
            "owner_id": "582368561817",
            "private_dns_hostname_type_on_launch": "ip-name",
            "tags": {
              "Name": "dns_subnet"
            },
            "tags_all": {
              "Name": "dns_subnet"
            },
            "timeouts": null,
            "vpc_id": "vpc-0f6e62918fdc0475a"
          },
          "sensitive_attributes": [],
          "private": "eyJlMmJmYjczMC1lY2FhLTExZTYtOGY4OC0zNDM2M2JjN2M0YzAiOnsiY3JlYXRlIjo2MDAwMDAwMDAwMDAsImRlbGV0ZSI6MTIwMDAwMDAwMDAwMH0sInNjaGVtYV92ZXJzaW9uIjoiMSJ9",
          "dependencies": [
            "module.dns_net.aws_vpc.vpc"
          ]
        }
      ]
    },
    {
      "module": "module.dns_net",
      "mode": "managed",
      "type": "aws_vpc",
      "name": "vpc",
      "provider": "provider[\"registry.terraform.io/hashicorp/aws\"]",
      "instances": [
        {
          "schema_version": 1,
          "attributes": {
            "arn": "arn:aws:ec2:eu-central-1:582368561817:vpc/vpc-0f6e62918fdc0475a",
            "assign_generated_ipv6_cidr_block": false,
            "cidr_block": "10.0.0.0/16",
            "default_network_acl_id": "acl-035228ed5553f76c7",
            "default_route_table_id": "rtb-08ec694c1e0c1540c",
            "default_security_group_id": "sg-093ffc69c488d5fa3",
            "dhcp_options_id": "dopt-0aa3436037f48dbf6",
            "enable_classiclink": false,
            "enable_classiclink_dns_support": false,
            "enable_dns_hostnames": false,
            "enable_dns_support": true,
            "enable_network_address_usage_metrics": false,
            "id": "vpc-0f6e62918fdc0475a",
            "instance_tenancy": "default",
            "ipv4_ipam_pool_id": null,
            "ipv4_netmask_length": null,
            "ipv6_association_id": "",
            "ipv6_cidr_block": "",
            "ipv6_cidr_block_network_border_group": "",
            "ipv6_ipam_pool_id": "",
            "ipv6_netmask_length": 0,
            "main_route_table_id": "rtb-08ec694c1e0c1540c",
            "owner_id": "582368561817",
            "tags": {
              "Name": "dns_vpc"
            },
            "tags_all": {
              "Name": "dns_vpc"
            }
          },
          "sensitive_attributes": [],
          "private": "eyJzY2hlbWFfdmVyc2lvbiI6IjEifQ=="
        }
      ]
    },
    {
      "module": "module.dns_stack",
      "mode": "managed",
      "type": "aws_instance",
      "name": "ec2",
      "provider": "provider[\"registry.terraform.io/hashicorp/aws\"]",
      "instances": [
        {
          "index_key": 0,
          "status": "tainted",
          "schema_version": 1,
          "attributes": {
            "ami": "ami-03e08697c325f02ab",
            "arn": "arn:aws:ec2:eu-central-1:582368561817:instance/i-0effd08b818a7dfcc",
            "associate_public_ip_address": false,
            "availability_zone": "eu-central-1b",
            "capacity_reservation_specification": [
              {
                "capacity_reservation_preference": "open",
                "capacity_reservation_target": []
              }
            ],
            "cpu_core_count": 1,
            "cpu_threads_per_core": 1,
            "credit_specification": [
              {
                "cpu_credits": "standard"
              }
            ],
            "disable_api_stop": false,
            "disable_api_termination": false,
            "ebs_block_device": [],
            "ebs_optimized": false,
            "enclave_options": [
              {
                "enabled": false
              }
            ],
            "ephemeral_block_device": [],
            "get_password_data": false,
            "hibernation": false,
            "host_id": "",
            "host_resource_group_arn": null,
            "iam_instance_profile": "",
            "id": "i-0effd08b818a7dfcc",
            "instance_initiated_shutdown_behavior": "stop",
            "instance_state": "running",
            "instance_type": "t2.micro",
            "ipv6_address_count": 0,
            "ipv6_addresses": [],
            "key_name": "dns_stack",
            "launch_template": [],
            "maintenance_options": [
              {
                "auto_recovery": "default"
              }
            ],
            "metadata_options": [
              {
                "http_endpoint": "enabled",
                "http_put_response_hop_limit": 1,
                "http_tokens": "optional",
                "instance_metadata_tags": "disabled"
              }
            ],
            "monitoring": false,
            "network_interface": [],
            "outpost_arn": "",
            "password_data": "",
            "placement_group": "",
            "placement_partition_number": 0,
            "primary_network_interface_id": "eni-0e480a1d6d6a915b0",
            "private_dns": "ip-10-0-1-10.eu-central-1.compute.internal",
            "private_dns_name_options": [
              {
                "enable_resource_name_dns_a_record": false,
                "enable_resource_name_dns_aaaa_record": false,
                "hostname_type": "ip-name"
              }
            ],
            "private_ip": "10.0.1.10",
            "public_dns": "",
            "public_ip": "",
            "root_block_device": [
              {
                "delete_on_termination": true,
                "device_name": "/dev/sda1",
                "encrypted": false,
                "iops": 100,
                "kms_key_id": "",
                "tags": {},
                "throughput": 0,
                "volume_id": "vol-038a3234b4af79a37",
                "volume_size": 8,
                "volume_type": "gp2"
              }
            ],
            "secondary_private_ips": [],
            "security_groups": [],
            "source_dest_check": true,
            "subnet_id": "subnet-0eada0f8223b5832a",
            "tags": {
              "Name": "user"
            },
            "tags_all": {
              "Name": "user"
            },
            "tenancy": "default",
            "timeouts": null,
            "user_data": null,
            "user_data_base64": null,
            "user_data_replace_on_change": false,
            "volume_tags": null,
            "vpc_security_group_ids": [
              "sg-0204825ae2057eae9",
              "sg-0d17a777afe4253e9"
            ]
          },
          "sensitive_attributes": [],
          "private": "eyJlMmJmYjczMC1lY2FhLTExZTYtOGY4OC0zNDM2M2JjN2M0YzAiOnsiY3JlYXRlIjo2MDAwMDAwMDAwMDAsImRlbGV0ZSI6MTIwMDAwMDAwMDAwMCwidXBkYXRlIjo2MDAwMDAwMDAwMDB9LCJzY2hlbWFfdmVyc2lvbiI6IjEifQ==",
          "dependencies": [
            "module.dns_key_pair.aws_key_pair.test_stack",
            "module.dns_net.aws_subnet.subnet",
            "module.icmp.aws_security_group.sec_group",
            "module.ssh_local.aws_security_group.sec_group"
          ]
        },
        {
          "index_key": 1,
          "status": "tainted",
          "schema_version": 1,
          "attributes": {
            "ami": "ami-03e08697c325f02ab",
            "arn": "arn:aws:ec2:eu-central-1:582368561817:instance/i-0461a0faeb5a423f7",
            "associate_public_ip_address": false,
            "availability_zone": "eu-central-1b",
            "capacity_reservation_specification": [
              {
                "capacity_reservation_preference": "open",
                "capacity_reservation_target": []
              }
            ],
            "cpu_core_count": 1,
            "cpu_threads_per_core": 1,
            "credit_specification": [
              {
                "cpu_credits": "standard"
              }
            ],
            "disable_api_stop": false,
            "disable_api_termination": false,
            "ebs_block_device": [],
            "ebs_optimized": false,
            "enclave_options": [
              {
                "enabled": false
              }
            ],
            "ephemeral_block_device": [],
            "get_password_data": false,
            "hibernation": false,
            "host_id": "",
            "host_resource_group_arn": null,
            "iam_instance_profile": "",
            "id": "i-0461a0faeb5a423f7",
            "instance_initiated_shutdown_behavior": "stop",
            "instance_state": "running",
            "instance_type": "t2.micro",
            "ipv6_address_count": 0,
            "ipv6_addresses": [],
            "key_name": "dns_stack",
            "launch_template": [],
            "maintenance_options": [
              {
                "auto_recovery": "default"
              }
            ],
            "metadata_options": [
              {
                "http_endpoint": "enabled",
                "http_put_response_hop_limit": 1,
                "http_tokens": "optional",
                "instance_metadata_tags": "disabled"
              }
            ],
            "monitoring": false,
            "network_interface": [],
            "outpost_arn": "",
            "password_data": "",
            "placement_group": "",
            "placement_partition_number": 0,
            "primary_network_interface_id": "eni-0872dfc4a7dfef035",
            "private_dns": "ip-10-0-1-11.eu-central-1.compute.internal",
            "private_dns_name_options": [
              {
                "enable_resource_name_dns_a_record": false,
                "enable_resource_name_dns_aaaa_record": false,
                "hostname_type": "ip-name"
              }
            ],
            "private_ip": "10.0.1.11",
            "public_dns": "",
            "public_ip": "",
            "root_block_device": [
              {
                "delete_on_termination": true,
                "device_name": "/dev/sda1",
                "encrypted": false,
                "iops": 100,
                "kms_key_id": "",
                "tags": {},
                "throughput": 0,
                "volume_id": "vol-0ad3a379e86118d3b",
                "volume_size": 8,
                "volume_type": "gp2"
              }
            ],
            "secondary_private_ips": [],
            "security_groups": [],
            "source_dest_check": true,
            "subnet_id": "subnet-0eada0f8223b5832a",
            "tags": {
              "Name": "nginx"
            },
            "tags_all": {
              "Name": "nginx"
            },
            "tenancy": "default",
            "timeouts": null,
            "user_data": null,
            "user_data_base64": null,
            "user_data_replace_on_change": false,
            "volume_tags": null,
            "vpc_security_group_ids": [
              "sg-0204825ae2057eae9",
              "sg-0d17a777afe4253e9"
            ]
          },
          "sensitive_attributes": [],
          "private": "eyJlMmJmYjczMC1lY2FhLTExZTYtOGY4OC0zNDM2M2JjN2M0YzAiOnsiY3JlYXRlIjo2MDAwMDAwMDAwMDAsImRlbGV0ZSI6MTIwMDAwMDAwMDAwMCwidXBkYXRlIjo2MDAwMDAwMDAwMDB9LCJzY2hlbWFfdmVyc2lvbiI6IjEifQ==",
          "dependencies": [
            "module.dns_key_pair.aws_key_pair.test_stack",
            "module.dns_net.aws_subnet.subnet",
            "module.icmp.aws_security_group.sec_group",
            "module.ssh_local.aws_security_group.sec_group"
          ]
        }
      ]
    },
    {
      "module": "module.icmp",
      "mode": "managed",
      "type": "aws_security_group",
      "name": "sec_group",
      "provider": "provider[\"registry.terraform.io/hashicorp/aws\"]",
      "instances": [
        {
          "schema_version": 1,
          "attributes": {
            "arn": "arn:aws:ec2:eu-central-1:582368561817:security-group/sg-0d17a777afe4253e9",
            "description": "allow icmp(ping) traffic",
            "egress": [
              {
                "cidr_blocks": [
                  "0.0.0.0/0"
                ],
                "description": "",
                "from_port": -1,
                "ipv6_cidr_blocks": [],
                "prefix_list_ids": [],
                "protocol": "icmp",
                "security_groups": [],
                "self": false,
                "to_port": -1
              }
            ],
            "id": "sg-0d17a777afe4253e9",
            "ingress": [
              {
                "cidr_blocks": [
                  "0.0.0.0/0"
                ],
                "description": "",
                "from_port": -1,
                "ipv6_cidr_blocks": [],
                "prefix_list_ids": [],
                "protocol": "icmp",
                "security_groups": [],
                "self": false,
                "to_port": -1
              }
            ],
            "name": "icmp",
            "name_prefix": "",
            "owner_id": "582368561817",
            "revoke_rules_on_delete": false,
            "tags": {
              "Created": "terraform",
              "Name": "icmp"
            },
            "tags_all": {
              "Created": "terraform",
              "Name": "icmp"
            },
            "timeouts": null,
            "vpc_id": "vpc-0f6e62918fdc0475a"
          },
          "sensitive_attributes": [],
          "private": "eyJlMmJmYjczMC1lY2FhLTExZTYtOGY4OC0zNDM2M2JjN2M0YzAiOnsiY3JlYXRlIjo2MDAwMDAwMDAwMDAsImRlbGV0ZSI6OTAwMDAwMDAwMDAwfSwic2NoZW1hX3ZlcnNpb24iOiIxIn0=",
          "dependencies": [
            "module.dns_net.aws_vpc.vpc"
          ]
        }
      ]
    },
    {
      "module": "module.ssh_from_internet",
      "mode": "managed",
      "type": "aws_security_group",
      "name": "sec_group",
      "provider": "provider[\"registry.terraform.io/hashicorp/aws\"]",
      "instances": [
        {
          "schema_version": 1,
          "attributes": {
            "arn": "arn:aws:ec2:eu-central-1:582368561817:security-group/sg-0ac5b22429d288793",
            "description": "open port 22 to the internet",
            "egress": [
              {
                "cidr_blocks": [
                  "0.0.0.0/0"
                ],
                "description": "",
                "from_port": 0,
                "ipv6_cidr_blocks": [],
                "prefix_list_ids": [],
                "protocol": "-1",
                "security_groups": [],
                "self": false,
                "to_port": 0
              }
            ],
            "id": "sg-0ac5b22429d288793",
            "ingress": [
              {
                "cidr_blocks": [
                  "78.11.112.118/32"
                ],
                "description": "",
                "from_port": 22,
                "ipv6_cidr_blocks": [],
                "prefix_list_ids": [],
                "protocol": "tcp",
                "security_groups": [],
                "self": false,
                "to_port": 22
              }
            ],
            "name": "ssh_from_internet",
            "name_prefix": "",
            "owner_id": "582368561817",
            "revoke_rules_on_delete": false,
            "tags": {
              "Created": "terraform",
              "Name": "ssh_from_internet"
            },
            "tags_all": {
              "Created": "terraform",
              "Name": "ssh_from_internet"
            },
            "timeouts": null,
            "vpc_id": "vpc-0f6e62918fdc0475a"
          },
          "sensitive_attributes": [
            [
              {
                "type": "get_attr",
                "value": "ingress"
              }
            ]
          ],
          "private": "eyJlMmJmYjczMC1lY2FhLTExZTYtOGY4OC0zNDM2M2JjN2M0YzAiOnsiY3JlYXRlIjo2MDAwMDAwMDAwMDAsImRlbGV0ZSI6OTAwMDAwMDAwMDAwfSwic2NoZW1hX3ZlcnNpb24iOiIxIn0=",
          "dependencies": [
            "module.dns_net.aws_vpc.vpc"
          ]
        }
      ]
    },
    {
      "module": "module.ssh_local",
      "mode": "managed",
      "type": "aws_security_group",
      "name": "sec_group",
      "provider": "provider[\"registry.terraform.io/hashicorp/aws\"]",
      "instances": [
        {
          "schema_version": 1,
          "attributes": {
            "arn": "arn:aws:ec2:eu-central-1:582368561817:security-group/sg-0204825ae2057eae9",
            "description": "allow ssh inside subnet",
            "egress": [
              {
                "cidr_blocks": [
                  "10.0.1.0/24"
                ],
                "description": "",
                "from_port": 0,
                "ipv6_cidr_blocks": [],
                "prefix_list_ids": [],
                "protocol": "-1",
                "security_groups": [],
                "self": false,
                "to_port": 0
              }
            ],
            "id": "sg-0204825ae2057eae9",
            "ingress": [
              {
                "cidr_blocks": [
                  "10.0.1.0/24"
                ],
                "description": "",
                "from_port": 22,
                "ipv6_cidr_blocks": [],
                "prefix_list_ids": [],
                "protocol": "tcp",
                "security_groups": [],
                "self": false,
                "to_port": 22
              }
            ],
            "name": "ssh_local",
            "name_prefix": "",
            "owner_id": "582368561817",
            "revoke_rules_on_delete": false,
            "tags": {
              "Created": "terraform",
              "Name": "ssh_local"
            },
            "tags_all": {
              "Created": "terraform",
              "Name": "ssh_local"
            },
            "timeouts": null,
            "vpc_id": "vpc-0f6e62918fdc0475a"
          },
          "sensitive_attributes": [],
          "private": "eyJlMmJmYjczMC1lY2FhLTExZTYtOGY4OC0zNDM2M2JjN2M0YzAiOnsiY3JlYXRlIjo2MDAwMDAwMDAwMDAsImRlbGV0ZSI6OTAwMDAwMDAwMDAwfSwic2NoZW1hX3ZlcnNpb24iOiIxIn0=",
          "dependencies": [
            "module.dns_net.aws_vpc.vpc"
          ]
        }
      ]
    }
  ],
  "check_results": null
}
