{
  "version": 4,
  "terraform_version": "1.3.7",
  "serial": 884,
  "lineage": "ef1aa3a7-2697-b15c-3f8a-81c88e22400f",
  "outputs": {
    "dns_subnet_id": {
      "value": "subnet-03b6ceab30429898d",
      "type": "string"
    },
    "dns_vpc_id": {
      "value": "vpc-08a493d2dc2818a50",
      "type": "string"
    },
    "ec2_ansible-master_ip": {
      "value": [
        "Name: ansible Public_ip: 35.158.9.78 Private_ip: 10.0.1.10"
      ],
      "type": [
        "tuple",
        [
          "string"
        ]
      ]
    },
    "ec2_dns_ip": {
      "value": [
        "Name: dns Public_ip:  Private_ip: 10.0.1.15"
      ],
      "type": [
        "tuple",
        [
          "string"
        ]
      ]
    }
  },
  "resources": [
    {
      "mode": "data",
      "type": "cloudinit_config",
      "name": "ansible_master",
      "provider": "provider[\"registry.terraform.io/hashicorp/cloudinit\"]",
      "instances": [
        {
          "schema_version": 0,
          "attributes": {
            "base64_encode": true,
            "boundary": "MIMEBOUNDARY",
            "gzip": true,
            "id": "4072988408",
            "part": [
              {
                "content": "#cloud-config\r\npackages: \r\n  - git\r\n  - ansible\r\n\r\nwrite_files: \r\n  - path: /run/tmp/hosts\r\n    owner: root:root\r\n    permissions: \"0644\"\r\n    content: \"[dns_servers]  \r\n\\n10.0.1.15\r\n\r\n[webservers]\r\n\\n10.0.1.20\r\n\r\n[users]\r\n\\n10.0.1.25\r\n\\n10.0.1.30\r\n\"\r\n\r\n  - path: /run/tmp/group_vars/all\r\n    owner: root:root\r\n    permissions: \"0644\"\r\n    content: \"dns_ips: 10.0.1.15 \\nwebserver_ips: 10.0.1.15 \\ncidr_block: 10.0.1.0/24\r\n\r\n\"\r\n\r\nruncmd:\r\n  - git clone \"https://github.com/qqwerty222/dns-ngx-ansible.git\" /run/playbook \r\n  - mv /run/tmp/hosts /run/playbook/\r\n  - mv /run/tmp/group_vars/all /run/playbook/group_vars/\r\n\r\n\r\n",
                "content_type": "text/cloud-config",
                "filename": "",
                "merge_type": ""
              }
            ],
            "rendered": "H4sIAAAAAAAA/6SSzY7TMBSF95HyDldh7TgNHZCMWPAzCxYFCQES6qDKcdzUqnPtsW/68/bIbQlpy45NFN9zYn8nxx8ckkZi345eC+gHS8bLQLw3B92+gcYN2MpwfFssPi0e33/5/vnju68/iyyt2A8donEoYFZWeZZnjE1NeTbuHSTGtQ7sEZVrDXYCXjeGJobT4aQPxJV1Q8uUw7Xp8mxhen13zItrj5dqKzsdBeQZAIMu7ZxeJEbTWJ0+2QdDerU29q/NS9oI4GFATr3nGxcpJgXA7VEHAcE5EulxnnodehMTSBRQVK/m8+IsqHMIAcWyxbiKOux0iL8A8uwJZ1VZlbNy9pAolnvd/JEnYn1KtRzi7fxhsnhZ5VmRfP9g74Ib/GonQ+TS2v8MkTIYHwWM6PCEI/i9pEwbVo11ajvOK17PE+qJNwyo+laM3YCyDjUUGyIfBeedoc3QlMr1/Pl5rwMd67rmLUaG3YFdOiw7Q8U5sLfy2Di3vdTY7246vHbxe9f137qxT8QEf3+rGcuz3wEAAP//9wmnaTQDAAA="
          },
          "sensitive_attributes": []
        }
      ]
    },
    {
      "module": "module.ansible-master",
      "mode": "managed",
      "type": "aws_instance",
      "name": "ec2",
      "provider": "provider[\"registry.terraform.io/hashicorp/aws\"]",
      "instances": [
        {
          "index_key": 0,
          "schema_version": 1,
          "attributes": {
            "ami": "ami-03e08697c325f02ab",
            "arn": "arn:aws:ec2:eu-central-1:582368561817:instance/i-029f4ca3e99a3ac6a",
            "associate_public_ip_address": true,
            "availability_zone": "eu-central-1b",
            "capacity_reservation_specification": [
              {
                "capacity_reservation_preference": "open",
                "capacity_reservation_target": []
              }
            ],
            "cpu_core_count": 1,
            "cpu_threads_per_core": 1,
            "credit_specification": [
              {
                "cpu_credits": "standard"
              }
            ],
            "disable_api_stop": false,
            "disable_api_termination": false,
            "ebs_block_device": [],
            "ebs_optimized": false,
            "enclave_options": [
              {
                "enabled": false
              }
            ],
            "ephemeral_block_device": [],
            "get_password_data": false,
            "hibernation": false,
            "host_id": "",
            "host_resource_group_arn": null,
            "iam_instance_profile": "",
            "id": "i-029f4ca3e99a3ac6a",
            "instance_initiated_shutdown_behavior": "stop",
            "instance_state": "running",
            "instance_type": "t2.micro",
            "ipv6_address_count": 0,
            "ipv6_addresses": [],
            "key_name": "ansible",
            "launch_template": [],
            "maintenance_options": [
              {
                "auto_recovery": "default"
              }
            ],
            "metadata_options": [
              {
                "http_endpoint": "enabled",
                "http_put_response_hop_limit": 1,
                "http_tokens": "optional",
                "instance_metadata_tags": "disabled"
              }
            ],
            "monitoring": false,
            "network_interface": [],
            "outpost_arn": "",
            "password_data": "",
            "placement_group": "",
            "placement_partition_number": 0,
            "primary_network_interface_id": "eni-040904b2ed5e5dd07",
            "private_dns": "ip-10-0-1-10.eu-central-1.compute.internal",
            "private_dns_name_options": [
              {
                "enable_resource_name_dns_a_record": true,
                "enable_resource_name_dns_aaaa_record": false,
                "hostname_type": "ip-name"
              }
            ],
            "private_ip": "10.0.1.10",
            "public_dns": "",
            "public_ip": "35.158.9.78",
            "root_block_device": [
              {
                "delete_on_termination": true,
                "device_name": "/dev/sda1",
                "encrypted": false,
                "iops": 100,
                "kms_key_id": "",
                "tags": {},
                "throughput": 0,
                "volume_id": "vol-08e4cdbb78ae84151",
                "volume_size": 8,
                "volume_type": "gp2"
              }
            ],
            "secondary_private_ips": [],
            "security_groups": [],
            "source_dest_check": true,
            "subnet_id": "subnet-03b6ceab30429898d",
            "tags": {
              "Created": "Terraform",
              "Name": "ansible"
            },
            "tags_all": {
              "Created": "Terraform",
              "Name": "ansible"
            },
            "tenancy": "default",
            "timeouts": null,
            "user_data": "1c87e01492948aee8abdaefa73e1e429b7127930",
            "user_data_base64": null,
            "user_data_replace_on_change": false,
            "volume_tags": null,
            "vpc_security_group_ids": [
              "sg-05e7f5fa371e79605",
              "sg-0da5af562a67e5af8"
            ]
          },
          "sensitive_attributes": [],
          "private": "eyJlMmJmYjczMC1lY2FhLTExZTYtOGY4OC0zNDM2M2JjN2M0YzAiOnsiY3JlYXRlIjo2MDAwMDAwMDAwMDAsImRlbGV0ZSI6MTIwMDAwMDAwMDAwMCwidXBkYXRlIjo2MDAwMDAwMDAwMDB9LCJzY2hlbWFfdmVyc2lvbiI6IjEifQ==",
          "dependencies": [
            "data.cloudinit_config.ansible_master",
            "module.dns_net.aws_subnet.subnet",
            "module.dns_net.aws_vpc.vpc",
            "module.icmp.aws_security_group.sec_group",
            "module.ssh_from_internet.aws_security_group.sec_group"
          ]
        }
      ]
    },
    {
      "module": "module.dns",
      "mode": "managed",
      "type": "aws_instance",
      "name": "ec2",
      "provider": "provider[\"registry.terraform.io/hashicorp/aws\"]",
      "instances": [
        {
          "index_key": 0,
          "schema_version": 1,
          "attributes": {
            "ami": "ami-03e08697c325f02ab",
            "arn": "arn:aws:ec2:eu-central-1:582368561817:instance/i-097400b41121a7e4b",
            "associate_public_ip_address": false,
            "availability_zone": "eu-central-1b",
            "capacity_reservation_specification": [
              {
                "capacity_reservation_preference": "open",
                "capacity_reservation_target": []
              }
            ],
            "cpu_core_count": 1,
            "cpu_threads_per_core": 1,
            "credit_specification": [
              {
                "cpu_credits": "standard"
              }
            ],
            "disable_api_stop": false,
            "disable_api_termination": false,
            "ebs_block_device": [],
            "ebs_optimized": false,
            "enclave_options": [
              {
                "enabled": false
              }
            ],
            "ephemeral_block_device": [],
            "get_password_data": false,
            "hibernation": false,
            "host_id": "",
            "host_resource_group_arn": null,
            "iam_instance_profile": "",
            "id": "i-097400b41121a7e4b",
            "instance_initiated_shutdown_behavior": "stop",
            "instance_state": "running",
            "instance_type": "t2.micro",
            "ipv6_address_count": 0,
            "ipv6_addresses": [],
            "key_name": "dns_stack",
            "launch_template": [],
            "maintenance_options": [
              {
                "auto_recovery": "default"
              }
            ],
            "metadata_options": [
              {
                "http_endpoint": "enabled",
                "http_put_response_hop_limit": 1,
                "http_tokens": "optional",
                "instance_metadata_tags": "disabled"
              }
            ],
            "monitoring": false,
            "network_interface": [],
            "outpost_arn": "",
            "password_data": "",
            "placement_group": "",
            "placement_partition_number": 0,
            "primary_network_interface_id": "eni-05ce39d7f28ff408c",
            "private_dns": "ip-10-0-1-15.eu-central-1.compute.internal",
            "private_dns_name_options": [
              {
                "enable_resource_name_dns_a_record": false,
                "enable_resource_name_dns_aaaa_record": false,
                "hostname_type": "ip-name"
              }
            ],
            "private_ip": "10.0.1.15",
            "public_dns": "",
            "public_ip": "",
            "root_block_device": [
              {
                "delete_on_termination": true,
                "device_name": "/dev/sda1",
                "encrypted": false,
                "iops": 100,
                "kms_key_id": "",
                "tags": {},
                "throughput": 0,
                "volume_id": "vol-0612de2d100379ac0",
                "volume_size": 8,
                "volume_type": "gp2"
              }
            ],
            "secondary_private_ips": [],
            "security_groups": [],
            "source_dest_check": true,
            "subnet_id": "subnet-03b6ceab30429898d",
            "tags": {
              "Created": "Terraform",
              "Name": "dns"
            },
            "tags_all": {
              "Created": "Terraform",
              "Name": "dns"
            },
            "tenancy": "default",
            "timeouts": null,
            "user_data": null,
            "user_data_base64": null,
            "user_data_replace_on_change": false,
            "volume_tags": null,
            "vpc_security_group_ids": [
              "sg-05e7f5fa371e79605",
              "sg-0c7822c8afbd086b7"
            ]
          },
          "sensitive_attributes": [],
          "private": "eyJlMmJmYjczMC1lY2FhLTExZTYtOGY4OC0zNDM2M2JjN2M0YzAiOnsiY3JlYXRlIjo2MDAwMDAwMDAwMDAsImRlbGV0ZSI6MTIwMDAwMDAwMDAwMCwidXBkYXRlIjo2MDAwMDAwMDAwMDB9LCJzY2hlbWFfdmVyc2lvbiI6IjEifQ==",
          "dependencies": [
            "module.dns_key_pair.aws_key_pair.test_stack",
            "module.dns_net.aws_subnet.subnet",
            "module.dns_net.aws_vpc.vpc",
            "module.icmp.aws_security_group.sec_group",
            "module.ssh_local.aws_security_group.sec_group"
          ]
        }
      ]
    },
    {
      "module": "module.dns_key_pair",
      "mode": "managed",
      "type": "aws_key_pair",
      "name": "test_stack",
      "provider": "provider[\"registry.terraform.io/hashicorp/aws\"]",
      "instances": [
        {
          "schema_version": 1,
          "attributes": {
            "arn": "arn:aws:ec2:eu-central-1:582368561817:key-pair/dns_stack",
            "fingerprint": "c0:a5:2e:f7:93:3e:98:76:91:59:40:cd:00:ea:cb:48",
            "id": "dns_stack",
            "key_name": "dns_stack",
            "key_name_prefix": "",
            "key_pair_id": "key-00f959fe45df0fa0c",
            "key_type": "rsa",
            "public_key": "ssh-rsa AAAAB3NzaC1yc2EAAAADAQABAAABgQDCTvw+ciZ6wNIyObKtMJXKo5X0tD2Hpi1niXEYMlmriRQGOme+qvt+3lYZiR4sW1hT6GQY/04IywwsAWgdKg8dERgRREL1HRLkyLbB78mboVCGo1FPs7kLXDZjAKQqPv01ZQtMk32EHXx2uWrRrUJ0WEthwXTRuwJvnvhLhiH+CyAwBz4y+KudcT5DLjhQcNtHR2cUqdz+7gCzN0E3AbWePLJi8S6KjN4m5eKeNyAvabGypy6fZiBVbZ4HKa/KWN7v9ZqEoXv8n3/4FqeomyPChqo2bf99qGbAWJZDs1YrKhcXlOpBlXSHnGXfwsYJcPGrSmz8ckGuVBe85A3sar9U2HJ1J9T+GQ0g6QEZDy3/iGJq8Hd/vIgxrHfBFirBS5wVwco6u0Ntsxa1X7U3C5TPOkcNxMRm5ciCNFb5G1jgMRbPqGJeERsbSm6zTkjSR2zqf/z2Wycjf+VR4OIRXUf1BVyVsjBmsq73fAS71huWFZhme8RQR4aZOUlHxDgp/uM= bohdan@PF2FXPPG",
            "tags": {
              "Created": "Terraform"
            },
            "tags_all": {
              "Created": "Terraform"
            }
          },
          "sensitive_attributes": [
            [
              {
                "type": "get_attr",
                "value": "public_key"
              }
            ]
          ],
          "private": "eyJzY2hlbWFfdmVyc2lvbiI6IjEifQ=="
        }
      ]
    },
    {
      "module": "module.dns_net",
      "mode": "managed",
      "type": "aws_internet_gateway",
      "name": "int_gateway",
      "provider": "provider[\"registry.terraform.io/hashicorp/aws\"]",
      "instances": [
        {
          "schema_version": 0,
          "attributes": {
            "arn": "arn:aws:ec2:eu-central-1:582368561817:internet-gateway/igw-0daaf90a4ea0fb6d1",
            "id": "igw-0daaf90a4ea0fb6d1",
            "owner_id": "582368561817",
            "tags": {
              "Created": "Terraform",
              "Name": "dns_gateway"
            },
            "tags_all": {
              "Created": "Terraform",
              "Name": "dns_gateway"
            },
            "timeouts": null,
            "vpc_id": "vpc-08a493d2dc2818a50"
          },
          "sensitive_attributes": [],
          "private": "eyJlMmJmYjczMC1lY2FhLTExZTYtOGY4OC0zNDM2M2JjN2M0YzAiOnsiY3JlYXRlIjoxMjAwMDAwMDAwMDAwLCJkZWxldGUiOjEyMDAwMDAwMDAwMDAsInVwZGF0ZSI6MTIwMDAwMDAwMDAwMH19",
          "dependencies": [
            "module.dns_net.aws_vpc.vpc"
          ]
        }
      ]
    },
    {
      "module": "module.dns_net",
      "mode": "managed",
      "type": "aws_route",
      "name": "local",
      "provider": "provider[\"registry.terraform.io/hashicorp/aws\"]",
      "instances": [
        {
          "schema_version": 0,
          "attributes": {
            "carrier_gateway_id": "",
            "core_network_arn": "",
            "destination_cidr_block": "0.0.0.0/0",
            "destination_ipv6_cidr_block": "",
            "destination_prefix_list_id": "",
            "egress_only_gateway_id": "",
            "gateway_id": "igw-0daaf90a4ea0fb6d1",
            "id": "r-rtb-0f822bf9fe7ba23f61080289494",
            "instance_id": "",
            "instance_owner_id": "",
            "local_gateway_id": "",
            "nat_gateway_id": "",
            "network_interface_id": "",
            "origin": "CreateRoute",
            "route_table_id": "rtb-0f822bf9fe7ba23f6",
            "state": "active",
            "timeouts": null,
            "transit_gateway_id": "",
            "vpc_endpoint_id": "",
            "vpc_peering_connection_id": ""
          },
          "sensitive_attributes": [],
          "private": "eyJlMmJmYjczMC1lY2FhLTExZTYtOGY4OC0zNDM2M2JjN2M0YzAiOnsiY3JlYXRlIjozMDAwMDAwMDAwMDAsImRlbGV0ZSI6MzAwMDAwMDAwMDAwLCJ1cGRhdGUiOjEyMDAwMDAwMDAwMH19",
          "dependencies": [
            "module.dns_net.aws_internet_gateway.int_gateway",
            "module.dns_net.aws_vpc.vpc"
          ]
        }
      ]
    },
    {
      "module": "module.dns_net",
      "mode": "managed",
      "type": "aws_subnet",
      "name": "subnet",
      "provider": "provider[\"registry.terraform.io/hashicorp/aws\"]",
      "instances": [
        {
          "schema_version": 1,
          "attributes": {
            "arn": "arn:aws:ec2:eu-central-1:582368561817:subnet/subnet-03b6ceab30429898d",
            "assign_ipv6_address_on_creation": false,
            "availability_zone": "eu-central-1b",
            "availability_zone_id": "euc1-az3",
            "cidr_block": "10.0.1.0/24",
            "customer_owned_ipv4_pool": "",
            "enable_dns64": false,
            "enable_resource_name_dns_a_record_on_launch": false,
            "enable_resource_name_dns_aaaa_record_on_launch": false,
            "id": "subnet-03b6ceab30429898d",
            "ipv6_cidr_block": "",
            "ipv6_cidr_block_association_id": "",
            "ipv6_native": false,
            "map_customer_owned_ip_on_launch": false,
            "map_public_ip_on_launch": false,
            "outpost_arn": "",
            "owner_id": "582368561817",
            "private_dns_hostname_type_on_launch": "ip-name",
            "tags": {
              "Created": "Terraform",
              "Name": "dns_subnet"
            },
            "tags_all": {
              "Created": "Terraform",
              "Name": "dns_subnet"
            },
            "timeouts": null,
            "vpc_id": "vpc-08a493d2dc2818a50"
          },
          "sensitive_attributes": [],
          "private": "eyJlMmJmYjczMC1lY2FhLTExZTYtOGY4OC0zNDM2M2JjN2M0YzAiOnsiY3JlYXRlIjo2MDAwMDAwMDAwMDAsImRlbGV0ZSI6MTIwMDAwMDAwMDAwMH0sInNjaGVtYV92ZXJzaW9uIjoiMSJ9",
          "dependencies": [
            "module.dns_net.aws_vpc.vpc"
          ]
        }
      ]
    },
    {
      "module": "module.dns_net",
      "mode": "managed",
      "type": "aws_vpc",
      "name": "vpc",
      "provider": "provider[\"registry.terraform.io/hashicorp/aws\"]",
      "instances": [
        {
          "schema_version": 1,
          "attributes": {
            "arn": "arn:aws:ec2:eu-central-1:582368561817:vpc/vpc-08a493d2dc2818a50",
            "assign_generated_ipv6_cidr_block": false,
            "cidr_block": "10.0.0.0/16",
            "default_network_acl_id": "acl-0884f80213224ddf8",
            "default_route_table_id": "rtb-0f822bf9fe7ba23f6",
            "default_security_group_id": "sg-0afedae06fc5766d7",
            "dhcp_options_id": "dopt-0aa3436037f48dbf6",
            "enable_classiclink": false,
            "enable_classiclink_dns_support": false,
            "enable_dns_hostnames": false,
            "enable_dns_support": true,
            "enable_network_address_usage_metrics": false,
            "id": "vpc-08a493d2dc2818a50",
            "instance_tenancy": "default",
            "ipv4_ipam_pool_id": null,
            "ipv4_netmask_length": null,
            "ipv6_association_id": "",
            "ipv6_cidr_block": "",
            "ipv6_cidr_block_network_border_group": "",
            "ipv6_ipam_pool_id": "",
            "ipv6_netmask_length": 0,
            "main_route_table_id": "rtb-0f822bf9fe7ba23f6",
            "owner_id": "582368561817",
            "tags": {
              "Created": "Terraform",
              "Name": "dns_vpc"
            },
            "tags_all": {
              "Created": "Terraform",
              "Name": "dns_vpc"
            }
          },
          "sensitive_attributes": [],
          "private": "eyJzY2hlbWFfdmVyc2lvbiI6IjEifQ=="
        }
      ]
    },
    {
      "module": "module.icmp",
      "mode": "managed",
      "type": "aws_security_group",
      "name": "sec_group",
      "provider": "provider[\"registry.terraform.io/hashicorp/aws\"]",
      "instances": [
        {
          "schema_version": 1,
          "attributes": {
            "arn": "arn:aws:ec2:eu-central-1:582368561817:security-group/sg-05e7f5fa371e79605",
            "description": "allow icmp(ping) traffic",
            "egress": [
              {
                "cidr_blocks": [
                  "0.0.0.0/0"
                ],
                "description": "",
                "from_port": -1,
                "ipv6_cidr_blocks": [],
                "prefix_list_ids": [],
                "protocol": "icmp",
                "security_groups": [],
                "self": false,
                "to_port": -1
              }
            ],
            "id": "sg-05e7f5fa371e79605",
            "ingress": [
              {
                "cidr_blocks": [
                  "0.0.0.0/0"
                ],
                "description": "",
                "from_port": -1,
                "ipv6_cidr_blocks": [],
                "prefix_list_ids": [],
                "protocol": "icmp",
                "security_groups": [],
                "self": false,
                "to_port": -1
              }
            ],
            "name": "icmp",
            "name_prefix": "",
            "owner_id": "582368561817",
            "revoke_rules_on_delete": false,
            "tags": {
              "Created": "Terraform",
              "Name": "icmp"
            },
            "tags_all": {
              "Created": "Terraform",
              "Name": "icmp"
            },
            "timeouts": null,
            "vpc_id": "vpc-08a493d2dc2818a50"
          },
          "sensitive_attributes": [],
          "private": "eyJlMmJmYjczMC1lY2FhLTExZTYtOGY4OC0zNDM2M2JjN2M0YzAiOnsiY3JlYXRlIjo2MDAwMDAwMDAwMDAsImRlbGV0ZSI6OTAwMDAwMDAwMDAwfSwic2NoZW1hX3ZlcnNpb24iOiIxIn0=",
          "dependencies": [
            "module.dns_net.aws_vpc.vpc"
          ]
        }
      ]
    },
    {
      "module": "module.ssh_from_internet",
      "mode": "managed",
      "type": "aws_security_group",
      "name": "sec_group",
      "provider": "provider[\"registry.terraform.io/hashicorp/aws\"]",
      "instances": [
        {
          "schema_version": 1,
          "attributes": {
            "arn": "arn:aws:ec2:eu-central-1:582368561817:security-group/sg-0da5af562a67e5af8",
            "description": "open port 22 to the internet",
            "egress": [
              {
                "cidr_blocks": [
                  "0.0.0.0/0"
                ],
                "description": "",
                "from_port": 0,
                "ipv6_cidr_blocks": [],
                "prefix_list_ids": [],
                "protocol": "-1",
                "security_groups": [],
                "self": false,
                "to_port": 0
              }
            ],
            "id": "sg-0da5af562a67e5af8",
            "ingress": [
              {
                "cidr_blocks": [
                  "78.11.112.118/32"
                ],
                "description": "",
                "from_port": 22,
                "ipv6_cidr_blocks": [],
                "prefix_list_ids": [],
                "protocol": "tcp",
                "security_groups": [],
                "self": false,
                "to_port": 22
              }
            ],
            "name": "ssh_from_internet",
            "name_prefix": "",
            "owner_id": "582368561817",
            "revoke_rules_on_delete": false,
            "tags": {
              "Created": "Terraform",
              "Name": "ssh_from_internet"
            },
            "tags_all": {
              "Created": "Terraform",
              "Name": "ssh_from_internet"
            },
            "timeouts": null,
            "vpc_id": "vpc-08a493d2dc2818a50"
          },
          "sensitive_attributes": [
            [
              {
                "type": "get_attr",
                "value": "ingress"
              }
            ]
          ],
          "private": "eyJlMmJmYjczMC1lY2FhLTExZTYtOGY4OC0zNDM2M2JjN2M0YzAiOnsiY3JlYXRlIjo2MDAwMDAwMDAwMDAsImRlbGV0ZSI6OTAwMDAwMDAwMDAwfSwic2NoZW1hX3ZlcnNpb24iOiIxIn0=",
          "dependencies": [
            "module.dns_net.aws_vpc.vpc"
          ]
        }
      ]
    },
    {
      "module": "module.ssh_local",
      "mode": "managed",
      "type": "aws_security_group",
      "name": "sec_group",
      "provider": "provider[\"registry.terraform.io/hashicorp/aws\"]",
      "instances": [
        {
          "schema_version": 1,
          "attributes": {
            "arn": "arn:aws:ec2:eu-central-1:582368561817:security-group/sg-0c7822c8afbd086b7",
            "description": "allow ssh inside subnet",
            "egress": [
              {
                "cidr_blocks": [
                  "0.0.0.0/0"
                ],
                "description": "",
                "from_port": 0,
                "ipv6_cidr_blocks": [],
                "prefix_list_ids": [],
                "protocol": "-1",
                "security_groups": [],
                "self": false,
                "to_port": 0
              }
            ],
            "id": "sg-0c7822c8afbd086b7",
            "ingress": [
              {
                "cidr_blocks": [
                  "10.0.1.0/24"
                ],
                "description": "",
                "from_port": 22,
                "ipv6_cidr_blocks": [],
                "prefix_list_ids": [],
                "protocol": "tcp",
                "security_groups": [],
                "self": false,
                "to_port": 22
              }
            ],
            "name": "ssh_local",
            "name_prefix": "",
            "owner_id": "582368561817",
            "revoke_rules_on_delete": false,
            "tags": {
              "Created": "Terraform",
              "Name": "ssh_local"
            },
            "tags_all": {
              "Created": "Terraform",
              "Name": "ssh_local"
            },
            "timeouts": null,
            "vpc_id": "vpc-08a493d2dc2818a50"
          },
          "sensitive_attributes": [],
          "private": "eyJlMmJmYjczMC1lY2FhLTExZTYtOGY4OC0zNDM2M2JjN2M0YzAiOnsiY3JlYXRlIjo2MDAwMDAwMDAwMDAsImRlbGV0ZSI6OTAwMDAwMDAwMDAwfSwic2NoZW1hX3ZlcnNpb24iOiIxIn0=",
          "dependencies": [
            "module.dns_net.aws_vpc.vpc"
          ]
        }
      ]
    },
    {
      "module": "module.user",
      "mode": "managed",
      "type": "aws_instance",
      "name": "ec2",
      "provider": "provider[\"registry.terraform.io/hashicorp/aws\"]",
      "instances": [
        {
          "index_key": 0,
          "schema_version": 1,
          "attributes": {
            "ami": "ami-03e08697c325f02ab",
            "arn": "arn:aws:ec2:eu-central-1:582368561817:instance/i-0ee2538238863486f",
            "associate_public_ip_address": false,
            "availability_zone": "eu-central-1b",
            "capacity_reservation_specification": [
              {
                "capacity_reservation_preference": "open",
                "capacity_reservation_target": []
              }
            ],
            "cpu_core_count": 1,
            "cpu_threads_per_core": 1,
            "credit_specification": [
              {
                "cpu_credits": "standard"
              }
            ],
            "disable_api_stop": false,
            "disable_api_termination": false,
            "ebs_block_device": [],
            "ebs_optimized": false,
            "enclave_options": [
              {
                "enabled": false
              }
            ],
            "ephemeral_block_device": [],
            "get_password_data": false,
            "hibernation": false,
            "host_id": "",
            "host_resource_group_arn": null,
            "iam_instance_profile": "",
            "id": "i-0ee2538238863486f",
            "instance_initiated_shutdown_behavior": "stop",
            "instance_state": "running",
            "instance_type": "t2.micro",
            "ipv6_address_count": 0,
            "ipv6_addresses": [],
            "key_name": "dns_stack",
            "launch_template": [],
            "maintenance_options": [
              {
                "auto_recovery": "default"
              }
            ],
            "metadata_options": [
              {
                "http_endpoint": "enabled",
                "http_put_response_hop_limit": 1,
                "http_tokens": "optional",
                "instance_metadata_tags": "disabled"
              }
            ],
            "monitoring": false,
            "network_interface": [],
            "outpost_arn": "",
            "password_data": "",
            "placement_group": "",
            "placement_partition_number": 0,
            "primary_network_interface_id": "eni-02884b1e6ef06c55f",
            "private_dns": "ip-10-0-1-25.eu-central-1.compute.internal",
            "private_dns_name_options": [
              {
                "enable_resource_name_dns_a_record": false,
                "enable_resource_name_dns_aaaa_record": false,
                "hostname_type": "ip-name"
              }
            ],
            "private_ip": "10.0.1.25",
            "public_dns": "",
            "public_ip": "",
            "root_block_device": [
              {
                "delete_on_termination": true,
                "device_name": "/dev/sda1",
                "encrypted": false,
                "iops": 100,
                "kms_key_id": "",
                "tags": {},
                "throughput": 0,
                "volume_id": "vol-0948093e24c62701d",
                "volume_size": 8,
                "volume_type": "gp2"
              }
            ],
            "secondary_private_ips": [],
            "security_groups": [],
            "source_dest_check": true,
            "subnet_id": "subnet-03b6ceab30429898d",
            "tags": {
              "Created": "Terraform",
              "Name": "user"
            },
            "tags_all": {
              "Created": "Terraform",
              "Name": "user"
            },
            "tenancy": "default",
            "timeouts": null,
            "user_data": null,
            "user_data_base64": null,
            "user_data_replace_on_change": false,
            "volume_tags": null,
            "vpc_security_group_ids": [
              "sg-05e7f5fa371e79605",
              "sg-0c7822c8afbd086b7"
            ]
          },
          "sensitive_attributes": [],
          "private": "eyJlMmJmYjczMC1lY2FhLTExZTYtOGY4OC0zNDM2M2JjN2M0YzAiOnsiY3JlYXRlIjo2MDAwMDAwMDAwMDAsImRlbGV0ZSI6MTIwMDAwMDAwMDAwMCwidXBkYXRlIjo2MDAwMDAwMDAwMDB9LCJzY2hlbWFfdmVyc2lvbiI6IjEifQ==",
          "dependencies": [
            "module.dns_key_pair.aws_key_pair.test_stack",
            "module.dns_net.aws_subnet.subnet",
            "module.dns_net.aws_vpc.vpc",
            "module.icmp.aws_security_group.sec_group",
            "module.ssh_local.aws_security_group.sec_group"
          ]
        },
        {
          "index_key": 1,
          "schema_version": 1,
          "attributes": {
            "ami": "ami-03e08697c325f02ab",
            "arn": "arn:aws:ec2:eu-central-1:582368561817:instance/i-0d092d05df47cb313",
            "associate_public_ip_address": false,
            "availability_zone": "eu-central-1b",
            "capacity_reservation_specification": [
              {
                "capacity_reservation_preference": "open",
                "capacity_reservation_target": []
              }
            ],
            "cpu_core_count": 1,
            "cpu_threads_per_core": 1,
            "credit_specification": [
              {
                "cpu_credits": "standard"
              }
            ],
            "disable_api_stop": false,
            "disable_api_termination": false,
            "ebs_block_device": [],
            "ebs_optimized": false,
            "enclave_options": [
              {
                "enabled": false
              }
            ],
            "ephemeral_block_device": [],
            "get_password_data": false,
            "hibernation": false,
            "host_id": "",
            "host_resource_group_arn": null,
            "iam_instance_profile": "",
            "id": "i-0d092d05df47cb313",
            "instance_initiated_shutdown_behavior": "stop",
            "instance_state": "running",
            "instance_type": "t2.micro",
            "ipv6_address_count": 0,
            "ipv6_addresses": [],
            "key_name": "dns_stack",
            "launch_template": [],
            "maintenance_options": [
              {
                "auto_recovery": "default"
              }
            ],
            "metadata_options": [
              {
                "http_endpoint": "enabled",
                "http_put_response_hop_limit": 1,
                "http_tokens": "optional",
                "instance_metadata_tags": "disabled"
              }
            ],
            "monitoring": false,
            "network_interface": [],
            "outpost_arn": "",
            "password_data": "",
            "placement_group": "",
            "placement_partition_number": 0,
            "primary_network_interface_id": "eni-08cdeb807bc9e1bae",
            "private_dns": "ip-10-0-1-30.eu-central-1.compute.internal",
            "private_dns_name_options": [
              {
                "enable_resource_name_dns_a_record": false,
                "enable_resource_name_dns_aaaa_record": false,
                "hostname_type": "ip-name"
              }
            ],
            "private_ip": "10.0.1.30",
            "public_dns": "",
            "public_ip": "",
            "root_block_device": [
              {
                "delete_on_termination": true,
                "device_name": "/dev/sda1",
                "encrypted": false,
                "iops": 100,
                "kms_key_id": "",
                "tags": {},
                "throughput": 0,
                "volume_id": "vol-0996c35a5874d84e8",
                "volume_size": 8,
                "volume_type": "gp2"
              }
            ],
            "secondary_private_ips": [],
            "security_groups": [],
            "source_dest_check": true,
            "subnet_id": "subnet-03b6ceab30429898d",
            "tags": {
              "Created": "Terraform",
              "Name": "user2"
            },
            "tags_all": {
              "Created": "Terraform",
              "Name": "user2"
            },
            "tenancy": "default",
            "timeouts": null,
            "user_data": null,
            "user_data_base64": null,
            "user_data_replace_on_change": false,
            "volume_tags": null,
            "vpc_security_group_ids": [
              "sg-05e7f5fa371e79605",
              "sg-0c7822c8afbd086b7"
            ]
          },
          "sensitive_attributes": [],
          "private": "eyJlMmJmYjczMC1lY2FhLTExZTYtOGY4OC0zNDM2M2JjN2M0YzAiOnsiY3JlYXRlIjo2MDAwMDAwMDAwMDAsImRlbGV0ZSI6MTIwMDAwMDAwMDAwMCwidXBkYXRlIjo2MDAwMDAwMDAwMDB9LCJzY2hlbWFfdmVyc2lvbiI6IjEifQ==",
          "dependencies": [
            "module.dns_key_pair.aws_key_pair.test_stack",
            "module.dns_net.aws_subnet.subnet",
            "module.dns_net.aws_vpc.vpc",
            "module.icmp.aws_security_group.sec_group",
            "module.ssh_local.aws_security_group.sec_group"
          ]
        }
      ]
    },
    {
      "module": "module.webserver",
      "mode": "managed",
      "type": "aws_instance",
      "name": "ec2",
      "provider": "provider[\"registry.terraform.io/hashicorp/aws\"]",
      "instances": [
        {
          "index_key": 0,
          "schema_version": 1,
          "attributes": {
            "ami": "ami-03e08697c325f02ab",
            "arn": "arn:aws:ec2:eu-central-1:582368561817:instance/i-0910458d127214169",
            "associate_public_ip_address": false,
            "availability_zone": "eu-central-1b",
            "capacity_reservation_specification": [
              {
                "capacity_reservation_preference": "open",
                "capacity_reservation_target": []
              }
            ],
            "cpu_core_count": 1,
            "cpu_threads_per_core": 1,
            "credit_specification": [
              {
                "cpu_credits": "standard"
              }
            ],
            "disable_api_stop": false,
            "disable_api_termination": false,
            "ebs_block_device": [],
            "ebs_optimized": false,
            "enclave_options": [
              {
                "enabled": false
              }
            ],
            "ephemeral_block_device": [],
            "get_password_data": false,
            "hibernation": false,
            "host_id": "",
            "host_resource_group_arn": null,
            "iam_instance_profile": "",
            "id": "i-0910458d127214169",
            "instance_initiated_shutdown_behavior": "stop",
            "instance_state": "running",
            "instance_type": "t2.micro",
            "ipv6_address_count": 0,
            "ipv6_addresses": [],
            "key_name": "dns_stack",
            "launch_template": [],
            "maintenance_options": [
              {
                "auto_recovery": "default"
              }
            ],
            "metadata_options": [
              {
                "http_endpoint": "enabled",
                "http_put_response_hop_limit": 1,
                "http_tokens": "optional",
                "instance_metadata_tags": "disabled"
              }
            ],
            "monitoring": false,
            "network_interface": [],
            "outpost_arn": "",
            "password_data": "",
            "placement_group": "",
            "placement_partition_number": 0,
            "primary_network_interface_id": "eni-0ab1f2ad9fbcdbd27",
            "private_dns": "ip-10-0-1-20.eu-central-1.compute.internal",
            "private_dns_name_options": [
              {
                "enable_resource_name_dns_a_record": false,
                "enable_resource_name_dns_aaaa_record": false,
                "hostname_type": "ip-name"
              }
            ],
            "private_ip": "10.0.1.20",
            "public_dns": "",
            "public_ip": "",
            "root_block_device": [
              {
                "delete_on_termination": true,
                "device_name": "/dev/sda1",
                "encrypted": false,
                "iops": 100,
                "kms_key_id": "",
                "tags": {},
                "throughput": 0,
                "volume_id": "vol-0dd6017c704f31c02",
                "volume_size": 8,
                "volume_type": "gp2"
              }
            ],
            "secondary_private_ips": [],
            "security_groups": [],
            "source_dest_check": true,
            "subnet_id": "subnet-03b6ceab30429898d",
            "tags": {
              "Created": "Terraform",
              "Name": "webserver"
            },
            "tags_all": {
              "Created": "Terraform",
              "Name": "webserver"
            },
            "tenancy": "default",
            "timeouts": null,
            "user_data": null,
            "user_data_base64": null,
            "user_data_replace_on_change": false,
            "volume_tags": null,
            "vpc_security_group_ids": [
              "sg-05e7f5fa371e79605",
              "sg-0c7822c8afbd086b7"
            ]
          },
          "sensitive_attributes": [],
          "private": "eyJlMmJmYjczMC1lY2FhLTExZTYtOGY4OC0zNDM2M2JjN2M0YzAiOnsiY3JlYXRlIjo2MDAwMDAwMDAwMDAsImRlbGV0ZSI6MTIwMDAwMDAwMDAwMCwidXBkYXRlIjo2MDAwMDAwMDAwMDB9LCJzY2hlbWFfdmVyc2lvbiI6IjEifQ==",
          "dependencies": [
            "module.dns_key_pair.aws_key_pair.test_stack",
            "module.dns_net.aws_subnet.subnet",
            "module.dns_net.aws_vpc.vpc",
            "module.icmp.aws_security_group.sec_group",
            "module.ssh_local.aws_security_group.sec_group"
          ]
        }
      ]
    }
  ],
  "check_results": null
}
